
Microsoft Visual Studio Solution File, Format Version 12.00
# Visual Studio 15
VisualStudioVersion = 15.0.28010.2046
MinimumVisualStudioVersion = 10.0.40219.1
Project("{F2A71F9B-5D33-465A-A702-920D77279786}") = "Demo.App", "Demo.App\Demo.App.fsproj", "{31E851C3-E4DE-40C7-8078-A055955B4819}"
EndProject
Project("{FAE04EC0-301F-11D3-BF4B-00C04F79EFBC}") = "Demo.UWP", "Demo.UWP\Demo.UWP.csproj", "{97F120C8-F064-4450-9CE3-6E3EE8262BD8}"
EndProject
Project("{F2A71F9B-5D33-465A-A702-920D77279786}") = "Demo.Gui", "Demo.Gui\Demo.Gui.fsproj", "{8290E674-0831-465D-AA03-7848E96521A6}"
EndProject
Project("{F2A71F9B-5D33-465A-A702-920D77279786}") = "Demo.Android", "Demo.Android\Demo.Android.fsproj", "{DED39C7A-4076-4CDD-8B58-7B85465A0638}"
EndProject
Project("{F2A71F9B-5D33-465A-A702-920D77279786}") = "Demo.iOS", "Demo.iOS\Demo.iOS.fsproj", "{B4FFA9E8-C9B3-4E7B-85ED-B0604AFADDFD}"
EndProject
Project("{F2A71F9B-5D33-465A-A702-920D77279786}") = "Demo.Mac", "Demo.Mac\Demo.Mac.fsproj", "{D056F368-E045-4738-BB64-E957B193E594}"
EndProject
Global
	GlobalSection(SolutionConfigurationPlatforms) = preSolution
		Debug|Any CPU = Debug|Any CPU
		Debug|ARM = Debug|ARM
		Debug|x64 = Debug|x64
		Debug|x86 = Debug|x86
		Release|Any CPU = Release|Any CPU
		Release|ARM = Release|ARM
		Release|x64 = Release|x64
		Release|x86 = Release|x86
		Debug|iPhoneSimulator = Debug|iPhoneSimulator
		Release|iPhoneSimulator = Release|iPhoneSimulator
		Debug|iPhone = Debug|iPhone
		Release|iPhone = Release|iPhone
		Ad-Hoc|iPhone = Ad-Hoc|iPhone
		AppStore|iPhone = AppStore|iPhone
	EndGlobalSection
	GlobalSection(ProjectConfigurationPlatforms) = postSolution
		{31E851C3-E4DE-40C7-8078-A055955B4819}.Debug|Any CPU.ActiveCfg = Debug|Any CPU
		{31E851C3-E4DE-40C7-8078-A055955B4819}.Debug|Any CPU.Build.0 = Debug|Any CPU
		{31E851C3-E4DE-40C7-8078-A055955B4819}.Debug|ARM.ActiveCfg = Debug|Any CPU
		{31E851C3-E4DE-40C7-8078-A055955B4819}.Debug|ARM.Build.0 = Debug|Any CPU
		{31E851C3-E4DE-40C7-8078-A055955B4819}.Debug|x64.ActiveCfg = Debug|Any CPU
		{31E851C3-E4DE-40C7-8078-A055955B4819}.Debug|x64.Build.0 = Debug|Any CPU
		{31E851C3-E4DE-40C7-8078-A055955B4819}.Debug|x86.ActiveCfg = Debug|Any CPU
		{31E851C3-E4DE-40C7-8078-A055955B4819}.Debug|x86.Build.0 = Debug|Any CPU
		{31E851C3-E4DE-40C7-8078-A055955B4819}.Release|Any CPU.ActiveCfg = Release|Any CPU
		{31E851C3-E4DE-40C7-8078-A055955B4819}.Release|Any CPU.Build.0 = Release|Any CPU
		{31E851C3-E4DE-40C7-8078-A055955B4819}.Release|ARM.ActiveCfg = Release|Any CPU
		{31E851C3-E4DE-40C7-8078-A055955B4819}.Release|ARM.Build.0 = Release|Any CPU
		{31E851C3-E4DE-40C7-8078-A055955B4819}.Release|x64.ActiveCfg = Release|Any CPU
		{31E851C3-E4DE-40C7-8078-A055955B4819}.Release|x64.Build.0 = Release|Any CPU
		{31E851C3-E4DE-40C7-8078-A055955B4819}.Release|x86.ActiveCfg = Release|Any CPU
		{31E851C3-E4DE-40C7-8078-A055955B4819}.Release|x86.Build.0 = Release|Any CPU
		{31E851C3-E4DE-40C7-8078-A055955B4819}.Debug|iPhoneSimulator.ActiveCfg = Debug|Any CPU
		{31E851C3-E4DE-40C7-8078-A055955B4819}.Debug|iPhoneSimulator.Build.0 = Debug|Any CPU
		{31E851C3-E4DE-40C7-8078-A055955B4819}.Release|iPhoneSimulator.ActiveCfg = Release|Any CPU
		{31E851C3-E4DE-40C7-8078-A055955B4819}.Release|iPhoneSimulator.Build.0 = Release|Any CPU
		{31E851C3-E4DE-40C7-8078-A055955B4819}.Debug|iPhone.ActiveCfg = Debug|Any CPU
		{31E851C3-E4DE-40C7-8078-A055955B4819}.Debug|iPhone.Build.0 = Debug|Any CPU
		{31E851C3-E4DE-40C7-8078-A055955B4819}.Release|iPhone.ActiveCfg = Release|Any CPU
		{31E851C3-E4DE-40C7-8078-A055955B4819}.Release|iPhone.Build.0 = Release|Any CPU
		{31E851C3-E4DE-40C7-8078-A055955B4819}.Ad-Hoc|iPhone.ActiveCfg = Debug|Any CPU
		{31E851C3-E4DE-40C7-8078-A055955B4819}.Ad-Hoc|iPhone.Build.0 = Debug|Any CPU
		{31E851C3-E4DE-40C7-8078-A055955B4819}.AppStore|iPhone.ActiveCfg = Debug|Any CPU
		{31E851C3-E4DE-40C7-8078-A055955B4819}.AppStore|iPhone.Build.0 = Debug|Any CPU
		{97F120C8-F064-4450-9CE3-6E3EE8262BD8}.Debug|Any CPU.ActiveCfg = Debug|x86
		{97F120C8-F064-4450-9CE3-6E3EE8262BD8}.Debug|ARM.ActiveCfg = Debug|ARM
		{97F120C8-F064-4450-9CE3-6E3EE8262BD8}.Debug|ARM.Build.0 = Debug|ARM
		{97F120C8-F064-4450-9CE3-6E3EE8262BD8}.Debug|ARM.Deploy.0 = Debug|ARM
		{97F120C8-F064-4450-9CE3-6E3EE8262BD8}.Debug|x64.ActiveCfg = Debug|x64
		{97F120C8-F064-4450-9CE3-6E3EE8262BD8}.Debug|x64.Build.0 = Debug|x64
		{97F120C8-F064-4450-9CE3-6E3EE8262BD8}.Debug|x64.Deploy.0 = Debug|x64
		{97F120C8-F064-4450-9CE3-6E3EE8262BD8}.Debug|x86.ActiveCfg = Debug|x86
		{97F120C8-F064-4450-9CE3-6E3EE8262BD8}.Debug|x86.Build.0 = Debug|x86
		{97F120C8-F064-4450-9CE3-6E3EE8262BD8}.Debug|x86.Deploy.0 = Debug|x86
		{97F120C8-F064-4450-9CE3-6E3EE8262BD8}.Release|Any CPU.ActiveCfg = Release|x86
		{97F120C8-F064-4450-9CE3-6E3EE8262BD8}.Release|ARM.ActiveCfg = Release|ARM
		{97F120C8-F064-4450-9CE3-6E3EE8262BD8}.Release|ARM.Build.0 = Release|ARM
		{97F120C8-F064-4450-9CE3-6E3EE8262BD8}.Release|ARM.Deploy.0 = Release|ARM
		{97F120C8-F064-4450-9CE3-6E3EE8262BD8}.Release|x64.ActiveCfg = Release|x64
		{97F120C8-F064-4450-9CE3-6E3EE8262BD8}.Release|x64.Build.0 = Release|x64
		{97F120C8-F064-4450-9CE3-6E3EE8262BD8}.Release|x64.Deploy.0 = Release|x64
		{97F120C8-F064-4450-9CE3-6E3EE8262BD8}.Release|x86.ActiveCfg = Release|x86
		{97F120C8-F064-4450-9CE3-6E3EE8262BD8}.Release|x86.Build.0 = Release|x86
		{97F120C8-F064-4450-9CE3-6E3EE8262BD8}.Release|x86.Deploy.0 = Release|x86
		{97F120C8-F064-4450-9CE3-6E3EE8262BD8}.Debug|iPhoneSimulator.ActiveCfg = Debug|Any CPU
		{97F120C8-F064-4450-9CE3-6E3EE8262BD8}.Release|iPhoneSimulator.ActiveCfg = Release|Any CPU
		{97F120C8-F064-4450-9CE3-6E3EE8262BD8}.Debug|iPhone.ActiveCfg = Debug|Any CPU
		{97F120C8-F064-4450-9CE3-6E3EE8262BD8}.Release|iPhone.ActiveCfg = Release|Any CPU
		{97F120C8-F064-4450-9CE3-6E3EE8262BD8}.Ad-Hoc|iPhone.ActiveCfg = Ad-Hoc|Any CPU
		{97F120C8-F064-4450-9CE3-6E3EE8262BD8}.AppStore|iPhone.ActiveCfg = AppStore|Any CPU
		{8290E674-0831-465D-AA03-7848E96521A6}.Debug|Any CPU.ActiveCfg = Debug|Any CPU
		{8290E674-0831-465D-AA03-7848E96521A6}.Debug|Any CPU.Build.0 = Debug|Any CPU
		{8290E674-0831-465D-AA03-7848E96521A6}.Debug|ARM.ActiveCfg = Debug|Any CPU
		{8290E674-0831-465D-AA03-7848E96521A6}.Debug|ARM.Build.0 = Debug|Any CPU
		{8290E674-0831-465D-AA03-7848E96521A6}.Debug|x64.ActiveCfg = Debug|Any CPU
		{8290E674-0831-465D-AA03-7848E96521A6}.Debug|x64.Build.0 = Debug|Any CPU
		{8290E674-0831-465D-AA03-7848E96521A6}.Debug|x86.ActiveCfg = Debug|Any CPU
		{8290E674-0831-465D-AA03-7848E96521A6}.Debug|x86.Build.0 = Debug|Any CPU
		{8290E674-0831-465D-AA03-7848E96521A6}.Release|Any CPU.ActiveCfg = Release|Any CPU
		{8290E674-0831-465D-AA03-7848E96521A6}.Release|Any CPU.Build.0 = Release|Any CPU
		{8290E674-0831-465D-AA03-7848E96521A6}.Release|ARM.ActiveCfg = Release|Any CPU
		{8290E674-0831-465D-AA03-7848E96521A6}.Release|ARM.Build.0 = Release|Any CPU
		{8290E674-0831-465D-AA03-7848E96521A6}.Release|x64.ActiveCfg = Release|Any CPU
		{8290E674-0831-465D-AA03-7848E96521A6}.Release|x64.Build.0 = Release|Any CPU
		{8290E674-0831-465D-AA03-7848E96521A6}.Release|x86.ActiveCfg = Release|Any CPU
		{8290E674-0831-465D-AA03-7848E96521A6}.Release|x86.Build.0 = Release|Any CPU
		{8290E674-0831-465D-AA03-7848E96521A6}.Debug|iPhoneSimulator.ActiveCfg = Debug|Any CPU
		{8290E674-0831-465D-AA03-7848E96521A6}.Debug|iPhoneSimulator.Build.0 = Debug|Any CPU
		{8290E674-0831-465D-AA03-7848E96521A6}.Release|iPhoneSimulator.ActiveCfg = Release|Any CPU
		{8290E674-0831-465D-AA03-7848E96521A6}.Release|iPhoneSimulator.Build.0 = Release|Any CPU
		{8290E674-0831-465D-AA03-7848E96521A6}.Debug|iPhone.ActiveCfg = Debug|Any CPU
		{8290E674-0831-465D-AA03-7848E96521A6}.Debug|iPhone.Build.0 = Debug|Any CPU
		{8290E674-0831-465D-AA03-7848E96521A6}.Release|iPhone.ActiveCfg = Release|Any CPU
		{8290E674-0831-465D-AA03-7848E96521A6}.Release|iPhone.Build.0 = Release|Any CPU
		{8290E674-0831-465D-AA03-7848E96521A6}.Ad-Hoc|iPhone.ActiveCfg = Debug|Any CPU
		{8290E674-0831-465D-AA03-7848E96521A6}.Ad-Hoc|iPhone.Build.0 = Debug|Any CPU
		{8290E674-0831-465D-AA03-7848E96521A6}.AppStore|iPhone.ActiveCfg = Debug|Any CPU
		{8290E674-0831-465D-AA03-7848E96521A6}.AppStore|iPhone.Build.0 = Debug|Any CPU
		{C91D9B4C-D561-4AE2-A50E-E97ABE1A4BA0}.Debug|Any CPU.ActiveCfg = Debug|Any CPU
		{C91D9B4C-D561-4AE2-A50E-E97ABE1A4BA0}.Debug|Any CPU.Build.0 = Debug|Any CPU
		{C91D9B4C-D561-4AE2-A50E-E97ABE1A4BA0}.Debug|ARM.ActiveCfg = Debug|Any CPU
		{C91D9B4C-D561-4AE2-A50E-E97ABE1A4BA0}.Debug|ARM.Build.0 = Debug|Any CPU
		{C91D9B4C-D561-4AE2-A50E-E97ABE1A4BA0}.Debug|x64.ActiveCfg = Debug|Any CPU
		{C91D9B4C-D561-4AE2-A50E-E97ABE1A4BA0}.Debug|x64.Build.0 = Debug|Any CPU
		{C91D9B4C-D561-4AE2-A50E-E97ABE1A4BA0}.Debug|x86.ActiveCfg = Debug|Any CPU
		{C91D9B4C-D561-4AE2-A50E-E97ABE1A4BA0}.Debug|x86.Build.0 = Debug|Any CPU
		{C91D9B4C-D561-4AE2-A50E-E97ABE1A4BA0}.Release|Any CPU.ActiveCfg = Release|Any CPU
		{C91D9B4C-D561-4AE2-A50E-E97ABE1A4BA0}.Release|Any CPU.Build.0 = Release|Any CPU
		{C91D9B4C-D561-4AE2-A50E-E97ABE1A4BA0}.Release|ARM.ActiveCfg = Release|Any CPU
		{C91D9B4C-D561-4AE2-A50E-E97ABE1A4BA0}.Release|ARM.Build.0 = Release|Any CPU
		{C91D9B4C-D561-4AE2-A50E-E97ABE1A4BA0}.Release|x64.ActiveCfg = Release|Any CPU
		{C91D9B4C-D561-4AE2-A50E-E97ABE1A4BA0}.Release|x64.Build.0 = Release|Any CPU
		{C91D9B4C-D561-4AE2-A50E-E97ABE1A4BA0}.Release|x86.ActiveCfg = Release|Any CPU
		{C91D9B4C-D561-4AE2-A50E-E97ABE1A4BA0}.Release|x86.Build.0 = Release|Any CPU
		{C91D9B4C-D561-4AE2-A50E-E97ABE1A4BA0}.Debug|iPhoneSimulator.ActiveCfg = Debug|Any CPU
		{C91D9B4C-D561-4AE2-A50E-E97ABE1A4BA0}.Debug|iPhoneSimulator.Build.0 = Debug|Any CPU
		{C91D9B4C-D561-4AE2-A50E-E97ABE1A4BA0}.Release|iPhoneSimulator.ActiveCfg = Release|Any CPU
		{C91D9B4C-D561-4AE2-A50E-E97ABE1A4BA0}.Release|iPhoneSimulator.Build.0 = Release|Any CPU
		{C91D9B4C-D561-4AE2-A50E-E97ABE1A4BA0}.Debug|iPhone.ActiveCfg = Debug|Any CPU
		{C91D9B4C-D561-4AE2-A50E-E97ABE1A4BA0}.Debug|iPhone.Build.0 = Debug|Any CPU
		{C91D9B4C-D561-4AE2-A50E-E97ABE1A4BA0}.Release|iPhone.ActiveCfg = Release|Any CPU
		{C91D9B4C-D561-4AE2-A50E-E97ABE1A4BA0}.Release|iPhone.Build.0 = Release|Any CPU
		{C91D9B4C-D561-4AE2-A50E-E97ABE1A4BA0}.Ad-Hoc|iPhone.ActiveCfg = Debug|Any CPU
		{C91D9B4C-D561-4AE2-A50E-E97ABE1A4BA0}.Ad-Hoc|iPhone.Build.0 = Debug|Any CPU
		{C91D9B4C-D561-4AE2-A50E-E97ABE1A4BA0}.AppStore|iPhone.ActiveCfg = Debug|Any CPU
		{C91D9B4C-D561-4AE2-A50E-E97ABE1A4BA0}.AppStore|iPhone.Build.0 = Debug|Any CPU
		{DED39C7A-4076-4CDD-8B58-7B85465A0638}.Debug|Any CPU.ActiveCfg = Debug|Any CPU
		{DED39C7A-4076-4CDD-8B58-7B85465A0638}.Debug|Any CPU.Build.0 = Debug|Any CPU
		{DED39C7A-4076-4CDD-8B58-7B85465A0638}.Debug|ARM.ActiveCfg = Debug|Any CPU
		{DED39C7A-4076-4CDD-8B58-7B85465A0638}.Debug|ARM.Build.0 = Debug|Any CPU
		{DED39C7A-4076-4CDD-8B58-7B85465A0638}.Debug|x64.ActiveCfg = Debug|Any CPU
		{DED39C7A-4076-4CDD-8B58-7B85465A0638}.Debug|x64.Build.0 = Debug|Any CPU
		{DED39C7A-4076-4CDD-8B58-7B85465A0638}.Debug|x86.ActiveCfg = Debug|Any CPU
		{DED39C7A-4076-4CDD-8B58-7B85465A0638}.Debug|x86.Build.0 = Debug|Any CPU
		{DED39C7A-4076-4CDD-8B58-7B85465A0638}.Release|Any CPU.ActiveCfg = Release|Any CPU
		{DED39C7A-4076-4CDD-8B58-7B85465A0638}.Release|Any CPU.Build.0 = Release|Any CPU
		{DED39C7A-4076-4CDD-8B58-7B85465A0638}.Release|ARM.ActiveCfg = Release|Any CPU
		{DED39C7A-4076-4CDD-8B58-7B85465A0638}.Release|ARM.Build.0 = Release|Any CPU
		{DED39C7A-4076-4CDD-8B58-7B85465A0638}.Release|x64.ActiveCfg = Release|Any CPU
		{DED39C7A-4076-4CDD-8B58-7B85465A0638}.Release|x64.Build.0 = Release|Any CPU
		{DED39C7A-4076-4CDD-8B58-7B85465A0638}.Release|x86.ActiveCfg = Release|Any CPU
		{DED39C7A-4076-4CDD-8B58-7B85465A0638}.Release|x86.Build.0 = Release|Any CPU
		{DED39C7A-4076-4CDD-8B58-7B85465A0638}.Debug|iPhoneSimulator.ActiveCfg = Debug|Any CPU
		{DED39C7A-4076-4CDD-8B58-7B85465A0638}.Debug|iPhoneSimulator.Build.0 = Debug|Any CPU
		{DED39C7A-4076-4CDD-8B58-7B85465A0638}.Release|iPhoneSimulator.ActiveCfg = Release|Any CPU
		{DED39C7A-4076-4CDD-8B58-7B85465A0638}.Release|iPhoneSimulator.Build.0 = Release|Any CPU
		{DED39C7A-4076-4CDD-8B58-7B85465A0638}.Debug|iPhone.ActiveCfg = Debug|Any CPU
		{DED39C7A-4076-4CDD-8B58-7B85465A0638}.Debug|iPhone.Build.0 = Debug|Any CPU
		{DED39C7A-4076-4CDD-8B58-7B85465A0638}.Release|iPhone.ActiveCfg = Release|Any CPU
		{DED39C7A-4076-4CDD-8B58-7B85465A0638}.Release|iPhone.Build.0 = Release|Any CPU
		{DED39C7A-4076-4CDD-8B58-7B85465A0638}.Ad-Hoc|iPhone.ActiveCfg = Debug|Any CPU
		{DED39C7A-4076-4CDD-8B58-7B85465A0638}.Ad-Hoc|iPhone.Build.0 = Debug|Any CPU
		{DED39C7A-4076-4CDD-8B58-7B85465A0638}.AppStore|iPhone.ActiveCfg = Debug|Any CPU
		{DED39C7A-4076-4CDD-8B58-7B85465A0638}.AppStore|iPhone.Build.0 = Debug|Any CPU
		{B4FFA9E8-C9B3-4E7B-85ED-B0604AFADDFD}.Debug|Any CPU.ActiveCfg = Debug|iPhoneSimulator
		{B4FFA9E8-C9B3-4E7B-85ED-B0604AFADDFD}.Debug|Any CPU.Build.0 = Debug|iPhoneSimulator
		{B4FFA9E8-C9B3-4E7B-85ED-B0604AFADDFD}.Debug|ARM.ActiveCfg = Debug|iPhoneSimulator
		{B4FFA9E8-C9B3-4E7B-85ED-B0604AFADDFD}.Debug|ARM.Build.0 = Debug|iPhoneSimulator
		{B4FFA9E8-C9B3-4E7B-85ED-B0604AFADDFD}.Debug|x64.ActiveCfg = Debug|iPhoneSimulator
		{B4FFA9E8-C9B3-4E7B-85ED-B0604AFADDFD}.Debug|x64.Build.0 = Debug|iPhoneSimulator
		{B4FFA9E8-C9B3-4E7B-85ED-B0604AFADDFD}.Debug|x86.ActiveCfg = Debug|iPhoneSimulator
		{B4FFA9E8-C9B3-4E7B-85ED-B0604AFADDFD}.Debug|x86.Build.0 = Debug|iPhoneSimulator
		{B4FFA9E8-C9B3-4E7B-85ED-B0604AFADDFD}.Release|Any CPU.ActiveCfg = Release|iPhoneSimulator
		{B4FFA9E8-C9B3-4E7B-85ED-B0604AFADDFD}.Release|Any CPU.Build.0 = Release|iPhoneSimulator
		{B4FFA9E8-C9B3-4E7B-85ED-B0604AFADDFD}.Release|ARM.ActiveCfg = Release|iPhoneSimulator
		{B4FFA9E8-C9B3-4E7B-85ED-B0604AFADDFD}.Release|ARM.Build.0 = Release|iPhoneSimulator
		{B4FFA9E8-C9B3-4E7B-85ED-B0604AFADDFD}.Release|x64.ActiveCfg = Release|iPhoneSimulator
		{B4FFA9E8-C9B3-4E7B-85ED-B0604AFADDFD}.Release|x64.Build.0 = Release|iPhoneSimulator
		{B4FFA9E8-C9B3-4E7B-85ED-B0604AFADDFD}.Release|x86.ActiveCfg = Release|iPhoneSimulator
		{B4FFA9E8-C9B3-4E7B-85ED-B0604AFADDFD}.Release|x86.Build.0 = Release|iPhoneSimulator
		{B4FFA9E8-C9B3-4E7B-85ED-B0604AFADDFD}.Debug|iPhoneSimulator.ActiveCfg = Debug|iPhoneSimulator
		{B4FFA9E8-C9B3-4E7B-85ED-B0604AFADDFD}.Debug|iPhoneSimulator.Build.0 = Debug|iPhoneSimulator
		{B4FFA9E8-C9B3-4E7B-85ED-B0604AFADDFD}.Release|iPhoneSimulator.ActiveCfg = Release|iPhoneSimulator
		{B4FFA9E8-C9B3-4E7B-85ED-B0604AFADDFD}.Release|iPhoneSimulator.Build.0 = Release|iPhoneSimulator
		{B4FFA9E8-C9B3-4E7B-85ED-B0604AFADDFD}.Debug|iPhone.ActiveCfg = Debug|iPhone
		{B4FFA9E8-C9B3-4E7B-85ED-B0604AFADDFD}.Debug|iPhone.Build.0 = Debug|iPhone
		{B4FFA9E8-C9B3-4E7B-85ED-B0604AFADDFD}.Release|iPhone.ActiveCfg = Release|iPhone
		{B4FFA9E8-C9B3-4E7B-85ED-B0604AFADDFD}.Release|iPhone.Build.0 = Release|iPhone
		{B4FFA9E8-C9B3-4E7B-85ED-B0604AFADDFD}.Ad-Hoc|iPhone.ActiveCfg = Ad-Hoc|iPhone
		{B4FFA9E8-C9B3-4E7B-85ED-B0604AFADDFD}.Ad-Hoc|iPhone.Build.0 = Ad-Hoc|iPhone
		{B4FFA9E8-C9B3-4E7B-85ED-B0604AFADDFD}.AppStore|iPhone.ActiveCfg = AppStore|iPhone
		{B4FFA9E8-C9B3-4E7B-85ED-B0604AFADDFD}.AppStore|iPhone.Build.0 = AppStore|iPhone
		{D056F368-E045-4738-BB64-E957B193E594}.Debug|Any CPU.ActiveCfg = Debug|Any CPU
		{D056F368-E045-4738-BB64-E957B193E594}.Debug|Any CPU.Build.0 = Debug|Any CPU
		{D056F368-E045-4738-BB64-E957B193E594}.Debug|ARM.ActiveCfg = Debug|Any CPU
		{D056F368-E045-4738-BB64-E957B193E594}.Debug|ARM.Build.0 = Debug|Any CPU
		{D056F368-E045-4738-BB64-E957B193E594}.Debug|x64.ActiveCfg = Debug|Any CPU
		{D056F368-E045-4738-BB64-E957B193E594}.Debug|x64.Build.0 = Debug|Any CPU
		{D056F368-E045-4738-BB64-E957B193E594}.Debug|x86.ActiveCfg = Debug|Any CPU
		{D056F368-E045-4738-BB64-E957B193E594}.Debug|x86.Build.0 = Debug|Any CPU
		{D056F368-E045-4738-BB64-E957B193E594}.Release|Any CPU.ActiveCfg = Release|Any CPU
		{D056F368-E045-4738-BB64-E957B193E594}.Release|Any CPU.Build.0 = Release|Any CPU
		{D056F368-E045-4738-BB64-E957B193E594}.Release|ARM.ActiveCfg = Release|Any CPU
		{D056F368-E045-4738-BB64-E957B193E594}.Release|ARM.Build.0 = Release|Any CPU
		{D056F368-E045-4738-BB64-E957B193E594}.Release|x64.ActiveCfg = Release|Any CPU
		{D056F368-E045-4738-BB64-E957B193E594}.Release|x64.Build.0 = Release|Any CPU
		{D056F368-E045-4738-BB64-E957B193E594}.Release|x86.ActiveCfg = Release|Any CPU
		{D056F368-E045-4738-BB64-E957B193E594}.Release|x86.Build.0 = Release|Any CPU
		{D056F368-E045-4738-BB64-E957B193E594}.Debug|iPhoneSimulator.ActiveCfg = Debug|Any CPU
		{D056F368-E045-4738-BB64-E957B193E594}.Debug|iPhoneSimulator.Build.0 = Debug|Any CPU
		{D056F368-E045-4738-BB64-E957B193E594}.Release|iPhoneSimulator.ActiveCfg = Release|Any CPU
		{D056F368-E045-4738-BB64-E957B193E594}.Release|iPhoneSimulator.Build.0 = Release|Any CPU
		{D056F368-E045-4738-BB64-E957B193E594}.Debug|iPhone.ActiveCfg = Debug|Any CPU
		{D056F368-E045-4738-BB64-E957B193E594}.Debug|iPhone.Build.0 = Debug|Any CPU
		{D056F368-E045-4738-BB64-E957B193E594}.Release|iPhone.ActiveCfg = Release|Any CPU
		{D056F368-E045-4738-BB64-E957B193E594}.Release|iPhone.Build.0 = Release|Any CPU
		{D056F368-E045-4738-BB64-E957B193E594}.Ad-Hoc|iPhone.ActiveCfg = Debug|Any CPU
		{D056F368-E045-4738-BB64-E957B193E594}.Ad-Hoc|iPhone.Build.0 = Debug|Any CPU
		{D056F368-E045-4738-BB64-E957B193E594}.AppStore|iPhone.ActiveCfg = Debug|Any CPU
		{D056F368-E045-4738-BB64-E957B193E594}.AppStore|iPhone.Build.0 = Debug|Any CPU
	EndGlobalSection
	GlobalSection(SolutionProperties) = preSolution
		HideSolutionNode = FALSE
	EndGlobalSection
	GlobalSection(NestedProjects) = preSolution
	EndGlobalSection
	GlobalSection(ExtensibilityGlobals) = postSolution
		SolutionGuid = {FA10E7E6-EC55-420A-9471-F0A1D495E265}
	EndGlobalSection
EndGlobal
