
Microsoft Visual Studio Solution File, Format Version 12.00
# Visual Studio 15
VisualStudioVersion = 15.0.28010.2046
MinimumVisualStudioVersion = 10.0.40219.1
Project("{6EC3EE1D-3C4E-46DD-8F32-0CC8E7565705}") = "Demo.App", "Demo.App\Demo.App.fsproj", "{31E851C3-E4DE-40C7-8078-A055955B4819}"
EndProject
Project("{FAE04EC0-301F-11D3-BF4B-00C04F79EFBC}") = "Demo.UWP", "Demo.UWP\Demo.UWP.csproj", "{97F120C8-F064-4450-9CE3-6E3EE8262BD8}"
EndProject
Project("{6EC3EE1D-3C4E-46DD-8F32-0CC8E7565705}") = "Demo.Gui", "Demo.Gui\Demo.Gui.fsproj", "{8290E674-0831-465D-AA03-7848E96521A6}"
EndProject
Project("{6EC3EE1D-3C4E-46DD-8F32-0CC8E7565705}") = "Demo.Fabulous", "Demo.Fabulous\Demo.Fabulous.fsproj", "{C91D9B4C-D561-4AE2-A50E-E97ABE1A4BA0}"
EndProject
Project("{6EC3EE1D-3C4E-46DD-8F32-0CC8E7565705}") = "Dap.Gui", "..\src\Dap.Gui\Dap.Gui.fsproj", "{2861600C-6274-4F68-AFCF-EBD1096E9269}"
EndProject
Project("{2150E333-8FDC-42A3-9474-1A3956D46DE8}") = "src", "src", "{961E1686-AC24-4113-93CD-9431C71B516D}"
EndProject
Project("{6EC3EE1D-3C4E-46DD-8F32-0CC8E7565705}") = "Dap.Fabulous", "..\src\Dap.Fabulous\Dap.Fabulous.fsproj", "{469038A5-FD43-47FB-A635-94AD38BDB648}"
EndProject
Project("{6EC3EE1D-3C4E-46DD-8F32-0CC8E7565705}") = "Dap.UWP", "..\src\Dap.UWP\Dap.UWP.fsproj", "{F5C91C62-4CAD-4EE8-95A0-907067639F9C}"
EndProject
Project("{FAE04EC0-301F-11D3-BF4B-00C04F79EFBC}") = "Dap.Fabulous.UWP", "..\src\Dap.Fabulous.UWP\Dap.Fabulous.UWP.csproj", "{9C683C0A-D74A-4023-A1A7-6D9876AA6B0B}"
EndProject
Project("{9A19103F-16F7-4668-BE54-9A1E7A4F7556}") = "Dap.Fabulous.Controls", "..\src\Dap.Fabulous.Controls\Dap.Fabulous.Controls.csproj", "{9C99D91D-AEE8-41E6-BDCD-0B34AB74FD24}"
EndProject
Global
	GlobalSection(SolutionConfigurationPlatforms) = preSolution
		Debug|Any CPU = Debug|Any CPU
		Debug|ARM = Debug|ARM
		Debug|x64 = Debug|x64
		Debug|x86 = Debug|x86
		Release|Any CPU = Release|Any CPU
		Release|ARM = Release|ARM
		Release|x64 = Release|x64
		Release|x86 = Release|x86
	EndGlobalSection
	GlobalSection(ProjectConfigurationPlatforms) = postSolution
		{31E851C3-E4DE-40C7-8078-A055955B4819}.Debug|Any CPU.ActiveCfg = Debug|Any CPU
		{31E851C3-E4DE-40C7-8078-A055955B4819}.Debug|Any CPU.Build.0 = Debug|Any CPU
		{31E851C3-E4DE-40C7-8078-A055955B4819}.Debug|ARM.ActiveCfg = Debug|Any CPU
		{31E851C3-E4DE-40C7-8078-A055955B4819}.Debug|ARM.Build.0 = Debug|Any CPU
		{31E851C3-E4DE-40C7-8078-A055955B4819}.Debug|x64.ActiveCfg = Debug|Any CPU
		{31E851C3-E4DE-40C7-8078-A055955B4819}.Debug|x64.Build.0 = Debug|Any CPU
		{31E851C3-E4DE-40C7-8078-A055955B4819}.Debug|x86.ActiveCfg = Debug|Any CPU
		{31E851C3-E4DE-40C7-8078-A055955B4819}.Debug|x86.Build.0 = Debug|Any CPU
		{31E851C3-E4DE-40C7-8078-A055955B4819}.Release|Any CPU.ActiveCfg = Release|Any CPU
		{31E851C3-E4DE-40C7-8078-A055955B4819}.Release|Any CPU.Build.0 = Release|Any CPU
		{31E851C3-E4DE-40C7-8078-A055955B4819}.Release|ARM.ActiveCfg = Release|Any CPU
		{31E851C3-E4DE-40C7-8078-A055955B4819}.Release|ARM.Build.0 = Release|Any CPU
		{31E851C3-E4DE-40C7-8078-A055955B4819}.Release|x64.ActiveCfg = Release|Any CPU
		{31E851C3-E4DE-40C7-8078-A055955B4819}.Release|x64.Build.0 = Release|Any CPU
		{31E851C3-E4DE-40C7-8078-A055955B4819}.Release|x86.ActiveCfg = Release|Any CPU
		{31E851C3-E4DE-40C7-8078-A055955B4819}.Release|x86.Build.0 = Release|Any CPU
		{97F120C8-F064-4450-9CE3-6E3EE8262BD8}.Debug|Any CPU.ActiveCfg = Debug|x86
		{97F120C8-F064-4450-9CE3-6E3EE8262BD8}.Debug|ARM.ActiveCfg = Debug|ARM
		{97F120C8-F064-4450-9CE3-6E3EE8262BD8}.Debug|ARM.Build.0 = Debug|ARM
		{97F120C8-F064-4450-9CE3-6E3EE8262BD8}.Debug|ARM.Deploy.0 = Debug|ARM
		{97F120C8-F064-4450-9CE3-6E3EE8262BD8}.Debug|x64.ActiveCfg = Debug|x64
		{97F120C8-F064-4450-9CE3-6E3EE8262BD8}.Debug|x64.Build.0 = Debug|x64
		{97F120C8-F064-4450-9CE3-6E3EE8262BD8}.Debug|x64.Deploy.0 = Debug|x64
		{97F120C8-F064-4450-9CE3-6E3EE8262BD8}.Debug|x86.ActiveCfg = Debug|x86
		{97F120C8-F064-4450-9CE3-6E3EE8262BD8}.Debug|x86.Build.0 = Debug|x86
		{97F120C8-F064-4450-9CE3-6E3EE8262BD8}.Debug|x86.Deploy.0 = Debug|x86
		{97F120C8-F064-4450-9CE3-6E3EE8262BD8}.Release|Any CPU.ActiveCfg = Release|x86
		{97F120C8-F064-4450-9CE3-6E3EE8262BD8}.Release|ARM.ActiveCfg = Release|ARM
		{97F120C8-F064-4450-9CE3-6E3EE8262BD8}.Release|ARM.Build.0 = Release|ARM
		{97F120C8-F064-4450-9CE3-6E3EE8262BD8}.Release|ARM.Deploy.0 = Release|ARM
		{97F120C8-F064-4450-9CE3-6E3EE8262BD8}.Release|x64.ActiveCfg = Release|x64
		{97F120C8-F064-4450-9CE3-6E3EE8262BD8}.Release|x64.Build.0 = Release|x64
		{97F120C8-F064-4450-9CE3-6E3EE8262BD8}.Release|x64.Deploy.0 = Release|x64
		{97F120C8-F064-4450-9CE3-6E3EE8262BD8}.Release|x86.ActiveCfg = Release|x86
		{97F120C8-F064-4450-9CE3-6E3EE8262BD8}.Release|x86.Build.0 = Release|x86
		{97F120C8-F064-4450-9CE3-6E3EE8262BD8}.Release|x86.Deploy.0 = Release|x86
		{8290E674-0831-465D-AA03-7848E96521A6}.Debug|Any CPU.ActiveCfg = Debug|Any CPU
		{8290E674-0831-465D-AA03-7848E96521A6}.Debug|Any CPU.Build.0 = Debug|Any CPU
		{8290E674-0831-465D-AA03-7848E96521A6}.Debug|ARM.ActiveCfg = Debug|Any CPU
		{8290E674-0831-465D-AA03-7848E96521A6}.Debug|ARM.Build.0 = Debug|Any CPU
		{8290E674-0831-465D-AA03-7848E96521A6}.Debug|x64.ActiveCfg = Debug|Any CPU
		{8290E674-0831-465D-AA03-7848E96521A6}.Debug|x64.Build.0 = Debug|Any CPU
		{8290E674-0831-465D-AA03-7848E96521A6}.Debug|x86.ActiveCfg = Debug|Any CPU
		{8290E674-0831-465D-AA03-7848E96521A6}.Debug|x86.Build.0 = Debug|Any CPU
		{8290E674-0831-465D-AA03-7848E96521A6}.Release|Any CPU.ActiveCfg = Release|Any CPU
		{8290E674-0831-465D-AA03-7848E96521A6}.Release|Any CPU.Build.0 = Release|Any CPU
		{8290E674-0831-465D-AA03-7848E96521A6}.Release|ARM.ActiveCfg = Release|Any CPU
		{8290E674-0831-465D-AA03-7848E96521A6}.Release|ARM.Build.0 = Release|Any CPU
		{8290E674-0831-465D-AA03-7848E96521A6}.Release|x64.ActiveCfg = Release|Any CPU
		{8290E674-0831-465D-AA03-7848E96521A6}.Release|x64.Build.0 = Release|Any CPU
		{8290E674-0831-465D-AA03-7848E96521A6}.Release|x86.ActiveCfg = Release|Any CPU
		{8290E674-0831-465D-AA03-7848E96521A6}.Release|x86.Build.0 = Release|Any CPU
		{C91D9B4C-D561-4AE2-A50E-E97ABE1A4BA0}.Debug|Any CPU.ActiveCfg = Debug|Any CPU
		{C91D9B4C-D561-4AE2-A50E-E97ABE1A4BA0}.Debug|Any CPU.Build.0 = Debug|Any CPU
		{C91D9B4C-D561-4AE2-A50E-E97ABE1A4BA0}.Debug|ARM.ActiveCfg = Debug|Any CPU
		{C91D9B4C-D561-4AE2-A50E-E97ABE1A4BA0}.Debug|ARM.Build.0 = Debug|Any CPU
		{C91D9B4C-D561-4AE2-A50E-E97ABE1A4BA0}.Debug|x64.ActiveCfg = Debug|Any CPU
		{C91D9B4C-D561-4AE2-A50E-E97ABE1A4BA0}.Debug|x64.Build.0 = Debug|Any CPU
		{C91D9B4C-D561-4AE2-A50E-E97ABE1A4BA0}.Debug|x86.ActiveCfg = Debug|Any CPU
		{C91D9B4C-D561-4AE2-A50E-E97ABE1A4BA0}.Debug|x86.Build.0 = Debug|Any CPU
		{C91D9B4C-D561-4AE2-A50E-E97ABE1A4BA0}.Release|Any CPU.ActiveCfg = Release|Any CPU
		{C91D9B4C-D561-4AE2-A50E-E97ABE1A4BA0}.Release|Any CPU.Build.0 = Release|Any CPU
		{C91D9B4C-D561-4AE2-A50E-E97ABE1A4BA0}.Release|ARM.ActiveCfg = Release|Any CPU
		{C91D9B4C-D561-4AE2-A50E-E97ABE1A4BA0}.Release|ARM.Build.0 = Release|Any CPU
		{C91D9B4C-D561-4AE2-A50E-E97ABE1A4BA0}.Release|x64.ActiveCfg = Release|Any CPU
		{C91D9B4C-D561-4AE2-A50E-E97ABE1A4BA0}.Release|x64.Build.0 = Release|Any CPU
		{C91D9B4C-D561-4AE2-A50E-E97ABE1A4BA0}.Release|x86.ActiveCfg = Release|Any CPU
		{C91D9B4C-D561-4AE2-A50E-E97ABE1A4BA0}.Release|x86.Build.0 = Release|Any CPU
		{2861600C-6274-4F68-AFCF-EBD1096E9269}.Debug|Any CPU.ActiveCfg = Debug|Any CPU
		{2861600C-6274-4F68-AFCF-EBD1096E9269}.Debug|Any CPU.Build.0 = Debug|Any CPU
		{2861600C-6274-4F68-AFCF-EBD1096E9269}.Debug|ARM.ActiveCfg = Debug|Any CPU
		{2861600C-6274-4F68-AFCF-EBD1096E9269}.Debug|ARM.Build.0 = Debug|Any CPU
		{2861600C-6274-4F68-AFCF-EBD1096E9269}.Debug|x64.ActiveCfg = Debug|Any CPU
		{2861600C-6274-4F68-AFCF-EBD1096E9269}.Debug|x64.Build.0 = Debug|Any CPU
		{2861600C-6274-4F68-AFCF-EBD1096E9269}.Debug|x86.ActiveCfg = Debug|Any CPU
		{2861600C-6274-4F68-AFCF-EBD1096E9269}.Debug|x86.Build.0 = Debug|Any CPU
		{2861600C-6274-4F68-AFCF-EBD1096E9269}.Release|Any CPU.ActiveCfg = Release|Any CPU
		{2861600C-6274-4F68-AFCF-EBD1096E9269}.Release|Any CPU.Build.0 = Release|Any CPU
		{2861600C-6274-4F68-AFCF-EBD1096E9269}.Release|ARM.ActiveCfg = Release|Any CPU
		{2861600C-6274-4F68-AFCF-EBD1096E9269}.Release|ARM.Build.0 = Release|Any CPU
		{2861600C-6274-4F68-AFCF-EBD1096E9269}.Release|x64.ActiveCfg = Release|Any CPU
		{2861600C-6274-4F68-AFCF-EBD1096E9269}.Release|x64.Build.0 = Release|Any CPU
		{2861600C-6274-4F68-AFCF-EBD1096E9269}.Release|x86.ActiveCfg = Release|Any CPU
		{2861600C-6274-4F68-AFCF-EBD1096E9269}.Release|x86.Build.0 = Release|Any CPU
		{469038A5-FD43-47FB-A635-94AD38BDB648}.Debug|Any CPU.ActiveCfg = Debug|Any CPU
		{469038A5-FD43-47FB-A635-94AD38BDB648}.Debug|Any CPU.Build.0 = Debug|Any CPU
		{469038A5-FD43-47FB-A635-94AD38BDB648}.Debug|ARM.ActiveCfg = Debug|Any CPU
		{469038A5-FD43-47FB-A635-94AD38BDB648}.Debug|ARM.Build.0 = Debug|Any CPU
		{469038A5-FD43-47FB-A635-94AD38BDB648}.Debug|x64.ActiveCfg = Debug|Any CPU
		{469038A5-FD43-47FB-A635-94AD38BDB648}.Debug|x64.Build.0 = Debug|Any CPU
		{469038A5-FD43-47FB-A635-94AD38BDB648}.Debug|x86.ActiveCfg = Debug|Any CPU
		{469038A5-FD43-47FB-A635-94AD38BDB648}.Debug|x86.Build.0 = Debug|Any CPU
		{469038A5-FD43-47FB-A635-94AD38BDB648}.Release|Any CPU.ActiveCfg = Release|Any CPU
		{469038A5-FD43-47FB-A635-94AD38BDB648}.Release|Any CPU.Build.0 = Release|Any CPU
		{469038A5-FD43-47FB-A635-94AD38BDB648}.Release|ARM.ActiveCfg = Release|Any CPU
		{469038A5-FD43-47FB-A635-94AD38BDB648}.Release|ARM.Build.0 = Release|Any CPU
		{469038A5-FD43-47FB-A635-94AD38BDB648}.Release|x64.ActiveCfg = Release|Any CPU
		{469038A5-FD43-47FB-A635-94AD38BDB648}.Release|x64.Build.0 = Release|Any CPU
		{469038A5-FD43-47FB-A635-94AD38BDB648}.Release|x86.ActiveCfg = Release|Any CPU
		{469038A5-FD43-47FB-A635-94AD38BDB648}.Release|x86.Build.0 = Release|Any CPU
		{F5C91C62-4CAD-4EE8-95A0-907067639F9C}.Debug|Any CPU.ActiveCfg = Debug|Any CPU
		{F5C91C62-4CAD-4EE8-95A0-907067639F9C}.Debug|Any CPU.Build.0 = Debug|Any CPU
		{F5C91C62-4CAD-4EE8-95A0-907067639F9C}.Debug|ARM.ActiveCfg = Debug|Any CPU
		{F5C91C62-4CAD-4EE8-95A0-907067639F9C}.Debug|ARM.Build.0 = Debug|Any CPU
		{F5C91C62-4CAD-4EE8-95A0-907067639F9C}.Debug|x64.ActiveCfg = Debug|Any CPU
		{F5C91C62-4CAD-4EE8-95A0-907067639F9C}.Debug|x64.Build.0 = Debug|Any CPU
		{F5C91C62-4CAD-4EE8-95A0-907067639F9C}.Debug|x86.ActiveCfg = Debug|Any CPU
		{F5C91C62-4CAD-4EE8-95A0-907067639F9C}.Debug|x86.Build.0 = Debug|Any CPU
		{F5C91C62-4CAD-4EE8-95A0-907067639F9C}.Release|Any CPU.ActiveCfg = Release|Any CPU
		{F5C91C62-4CAD-4EE8-95A0-907067639F9C}.Release|Any CPU.Build.0 = Release|Any CPU
		{F5C91C62-4CAD-4EE8-95A0-907067639F9C}.Release|ARM.ActiveCfg = Release|Any CPU
		{F5C91C62-4CAD-4EE8-95A0-907067639F9C}.Release|ARM.Build.0 = Release|Any CPU
		{F5C91C62-4CAD-4EE8-95A0-907067639F9C}.Release|x64.ActiveCfg = Release|Any CPU
		{F5C91C62-4CAD-4EE8-95A0-907067639F9C}.Release|x64.Build.0 = Release|Any CPU
		{F5C91C62-4CAD-4EE8-95A0-907067639F9C}.Release|x86.ActiveCfg = Release|Any CPU
		{F5C91C62-4CAD-4EE8-95A0-907067639F9C}.Release|x86.Build.0 = Release|Any CPU
		{9C683C0A-D74A-4023-A1A7-6D9876AA6B0B}.Debug|Any CPU.ActiveCfg = Debug|Any CPU
		{9C683C0A-D74A-4023-A1A7-6D9876AA6B0B}.Debug|Any CPU.Build.0 = Debug|Any CPU
		{9C683C0A-D74A-4023-A1A7-6D9876AA6B0B}.Debug|ARM.ActiveCfg = Debug|ARM
		{9C683C0A-D74A-4023-A1A7-6D9876AA6B0B}.Debug|ARM.Build.0 = Debug|ARM
		{9C683C0A-D74A-4023-A1A7-6D9876AA6B0B}.Debug|x64.ActiveCfg = Debug|x64
		{9C683C0A-D74A-4023-A1A7-6D9876AA6B0B}.Debug|x64.Build.0 = Debug|x64
		{9C683C0A-D74A-4023-A1A7-6D9876AA6B0B}.Debug|x86.ActiveCfg = Debug|x86
		{9C683C0A-D74A-4023-A1A7-6D9876AA6B0B}.Debug|x86.Build.0 = Debug|x86
		{9C683C0A-D74A-4023-A1A7-6D9876AA6B0B}.Release|Any CPU.ActiveCfg = Release|Any CPU
		{9C683C0A-D74A-4023-A1A7-6D9876AA6B0B}.Release|Any CPU.Build.0 = Release|Any CPU
		{9C683C0A-D74A-4023-A1A7-6D9876AA6B0B}.Release|ARM.ActiveCfg = Release|ARM
		{9C683C0A-D74A-4023-A1A7-6D9876AA6B0B}.Release|ARM.Build.0 = Release|ARM
		{9C683C0A-D74A-4023-A1A7-6D9876AA6B0B}.Release|x64.ActiveCfg = Release|x64
		{9C683C0A-D74A-4023-A1A7-6D9876AA6B0B}.Release|x64.Build.0 = Release|x64
		{9C683C0A-D74A-4023-A1A7-6D9876AA6B0B}.Release|x86.ActiveCfg = Release|x86
		{9C683C0A-D74A-4023-A1A7-6D9876AA6B0B}.Release|x86.Build.0 = Release|x86
		{9C99D91D-AEE8-41E6-BDCD-0B34AB74FD24}.Debug|Any CPU.ActiveCfg = Debug|Any CPU
		{9C99D91D-AEE8-41E6-BDCD-0B34AB74FD24}.Debug|Any CPU.Build.0 = Debug|Any CPU
		{9C99D91D-AEE8-41E6-BDCD-0B34AB74FD24}.Debug|ARM.ActiveCfg = Debug|Any CPU
		{9C99D91D-AEE8-41E6-BDCD-0B34AB74FD24}.Debug|ARM.Build.0 = Debug|Any CPU
		{9C99D91D-AEE8-41E6-BDCD-0B34AB74FD24}.Debug|x64.ActiveCfg = Debug|Any CPU
		{9C99D91D-AEE8-41E6-BDCD-0B34AB74FD24}.Debug|x64.Build.0 = Debug|Any CPU
		{9C99D91D-AEE8-41E6-BDCD-0B34AB74FD24}.Debug|x86.ActiveCfg = Debug|Any CPU
		{9C99D91D-AEE8-41E6-BDCD-0B34AB74FD24}.Debug|x86.Build.0 = Debug|Any CPU
		{9C99D91D-AEE8-41E6-BDCD-0B34AB74FD24}.Release|Any CPU.ActiveCfg = Release|Any CPU
		{9C99D91D-AEE8-41E6-BDCD-0B34AB74FD24}.Release|Any CPU.Build.0 = Release|Any CPU
		{9C99D91D-AEE8-41E6-BDCD-0B34AB74FD24}.Release|ARM.ActiveCfg = Release|Any CPU
		{9C99D91D-AEE8-41E6-BDCD-0B34AB74FD24}.Release|ARM.Build.0 = Release|Any CPU
		{9C99D91D-AEE8-41E6-BDCD-0B34AB74FD24}.Release|x64.ActiveCfg = Release|Any CPU
		{9C99D91D-AEE8-41E6-BDCD-0B34AB74FD24}.Release|x64.Build.0 = Release|Any CPU
		{9C99D91D-AEE8-41E6-BDCD-0B34AB74FD24}.Release|x86.ActiveCfg = Release|Any CPU
		{9C99D91D-AEE8-41E6-BDCD-0B34AB74FD24}.Release|x86.Build.0 = Release|Any CPU
	EndGlobalSection
	GlobalSection(SolutionProperties) = preSolution
		HideSolutionNode = FALSE
	EndGlobalSection
	GlobalSection(NestedProjects) = preSolution
		{2861600C-6274-4F68-AFCF-EBD1096E9269} = {961E1686-AC24-4113-93CD-9431C71B516D}
		{469038A5-FD43-47FB-A635-94AD38BDB648} = {961E1686-AC24-4113-93CD-9431C71B516D}
		{F5C91C62-4CAD-4EE8-95A0-907067639F9C} = {961E1686-AC24-4113-93CD-9431C71B516D}
		{9C683C0A-D74A-4023-A1A7-6D9876AA6B0B} = {961E1686-AC24-4113-93CD-9431C71B516D}
		{9C99D91D-AEE8-41E6-BDCD-0B34AB74FD24} = {961E1686-AC24-4113-93CD-9431C71B516D}
	EndGlobalSection
	GlobalSection(ExtensibilityGlobals) = postSolution
		SolutionGuid = {FA10E7E6-EC55-420A-9471-F0A1D495E265}
	EndGlobalSection
EndGlobal
